{
    "version": 3,
    "terraform_version": "0.11.7",
    "serial": 13,
    "lineage": "31098c54-6716-faa2-5bd9-b19f8d3e66c6",
    "modules": [
        {
            "path": [
                "root"
            ],
            "outputs": {
                "instance_private_ip": {
                    "sensitive": false,
                    "type": "string",
                    "value": "10.0.1.19"
                },
                "instance_public_ip": {
                    "sensitive": false,
                    "type": "string",
                    "value": "13.235.248.71"
                }
            },
            "resources": {
                "aws_instance.upsource": {
                    "type": "aws_instance",
                    "depends_on": [
                        "aws_key_pair.ssh_key",
                        "aws_security_group.upsource",
                        "data.aws_subnet.subnet_name",
                        "data.template_file.docker_userdata"
                    ],
                    "primary": {
                        "id": "i-0f07f43ca7ce645d2",
                        "attributes": {
                            "ami": "ami-03b8a287edc0c1253",
                            "arn": "arn:aws:ec2:ap-south-1:774712850731:instance/i-0f07f43ca7ce645d2",
                            "associate_public_ip_address": "true",
                            "availability_zone": "ap-south-1a",
                            "cpu_core_count": "1",
                            "cpu_threads_per_core": "2",
                            "credit_specification.#": "1",
                            "credit_specification.0.cpu_credits": "standard",
                            "disable_api_termination": "false",
                            "ebs_block_device.#": "0",
                            "ebs_optimized": "false",
                            "ephemeral_block_device.#": "0",
                            "get_password_data": "false",
                            "iam_instance_profile": "",
                            "id": "i-0f07f43ca7ce645d2",
                            "instance_state": "running",
                            "instance_type": "m5.large",
                            "ipv6_addresses.#": "0",
                            "key_name": "test",
                            "monitoring": "false",
                            "network_interface.#": "0",
                            "network_interface_id": "eni-07c74fed150c152d4",
                            "password_data": "",
                            "placement_group": "",
                            "primary_network_interface_id": "eni-07c74fed150c152d4",
                            "private_dns": "ip-10-0-1-19.ap-south-1.compute.internal",
                            "private_ip": "10.0.1.19",
                            "public_dns": "ec2-13-235-248-71.ap-south-1.compute.amazonaws.com",
                            "public_ip": "13.235.248.71",
                            "root_block_device.#": "1",
                            "root_block_device.0.delete_on_termination": "true",
                            "root_block_device.0.iops": "100",
                            "root_block_device.0.volume_id": "vol-0c2b41004c0adea4c",
                            "root_block_device.0.volume_size": "8",
                            "root_block_device.0.volume_type": "gp2",
                            "security_groups.#": "0",
                            "source_dest_check": "true",
                            "subnet_id": "subnet-0b70744b9ca9a0bf4",
                            "tags.%": "1",
                            "tags.Name": "Upsource",
                            "tenancy": "default",
                            "user_data": "321bb7276eddfc00b11ef009fdacab4c1e728d43",
                            "volume_tags.%": "0",
                            "vpc_security_group_ids.#": "1",
                            "vpc_security_group_ids.121249164": "sg-091e77f2849f90985"
                        },
                        "meta": {
                            "e2bfb730-ecaa-11e6-8f88-34363bc7c4c0": {
                                "create": 600000000000,
                                "delete": 1200000000000,
                                "update": 600000000000
                            },
                            "schema_version": "1"
                        },
                        "tainted": false
                    },
                    "deposed": [],
                    "provider": "provider.aws"
                },
                "aws_key_pair.ssh_key": {
                    "type": "aws_key_pair",
                    "depends_on": [],
                    "primary": {
                        "id": "test",
                        "attributes": {
                            "fingerprint": "9f:c7:ef:c7:70:1d:46:53:71:c5:d8:9a:a8:92:df:36",
                            "id": "test",
                            "key_name": "test",
                            "public_key": "ssh-rsa AAAAB3NzaC1yc2EAAAADAQABAAABAQCs0bMZxHvvcgz+WETreQLpw7SyROsEeF8RbgcShd+ePhuLaplFpe1eiLU2W19xKThrPMNXV4XVDvS42ClXYtXebfi7ChQZ5rgf3BTsqeWmATM6xyERezB8jV9gdkLIEiLwp8GFHl5dT4hxJJsXCxLns/muQaDRVaKRcOgVh/McF18g4Jw/87iHkV0oD+vuVOGE9S+nRvZuuXBDjk6MJb3r+/EyFtNEXb6nJjB5cZZ3Z+N5/qlsS8GykDfYCgWQxKASdtsgnbBUj1u7YUBUaksoq897BGcxGkC1kTN3/pPQxJQy538QW//eufpNwKtN4UXWP1rJToeIfUjV0k/MMjzb vikashsingh@Vikashs-MacBook-Pro.local"
                        },
                        "meta": {
                            "schema_version": "1"
                        },
                        "tainted": false
                    },
                    "deposed": [],
                    "provider": "provider.aws"
                },
                "aws_security_group.upsource": {
                    "type": "aws_security_group",
                    "depends_on": [
                        "data.aws_vpc.vpc_name"
                    ],
                    "primary": {
                        "id": "sg-091e77f2849f90985",
                        "attributes": {
                            "arn": "arn:aws:ec2:ap-south-1:774712850731:security-group/sg-091e77f2849f90985",
                            "description": "Managed by Terraform",
                            "egress.#": "1",
                            "egress.482069346.cidr_blocks.#": "1",
                            "egress.482069346.cidr_blocks.0": "0.0.0.0/0",
                            "egress.482069346.description": "",
                            "egress.482069346.from_port": "0",
                            "egress.482069346.ipv6_cidr_blocks.#": "0",
                            "egress.482069346.prefix_list_ids.#": "0",
                            "egress.482069346.protocol": "-1",
                            "egress.482069346.security_groups.#": "0",
                            "egress.482069346.self": "false",
                            "egress.482069346.to_port": "0",
                            "id": "sg-091e77f2849f90985",
                            "ingress.#": "3",
                            "ingress.1082315127.cidr_blocks.#": "1",
                            "ingress.1082315127.cidr_blocks.0": "90.205.105.92/32",
                            "ingress.1082315127.description": "",
                            "ingress.1082315127.from_port": "8443",
                            "ingress.1082315127.ipv6_cidr_blocks.#": "0",
                            "ingress.1082315127.prefix_list_ids.#": "0",
                            "ingress.1082315127.protocol": "tcp",
                            "ingress.1082315127.security_groups.#": "0",
                            "ingress.1082315127.self": "false",
                            "ingress.1082315127.to_port": "8443",
                            "ingress.15323668.cidr_blocks.#": "1",
                            "ingress.15323668.cidr_blocks.0": "90.205.105.92/32",
                            "ingress.15323668.description": "",
                            "ingress.15323668.from_port": "8080",
                            "ingress.15323668.ipv6_cidr_blocks.#": "0",
                            "ingress.15323668.prefix_list_ids.#": "0",
                            "ingress.15323668.protocol": "tcp",
                            "ingress.15323668.security_groups.#": "0",
                            "ingress.15323668.self": "false",
                            "ingress.15323668.to_port": "8080",
                            "ingress.1814469499.cidr_blocks.#": "1",
                            "ingress.1814469499.cidr_blocks.0": "90.205.105.92/32",
                            "ingress.1814469499.description": "",
                            "ingress.1814469499.from_port": "22",
                            "ingress.1814469499.ipv6_cidr_blocks.#": "0",
                            "ingress.1814469499.prefix_list_ids.#": "0",
                            "ingress.1814469499.protocol": "tcp",
                            "ingress.1814469499.security_groups.#": "0",
                            "ingress.1814469499.self": "false",
                            "ingress.1814469499.to_port": "22",
                            "name": "upsource-sg",
                            "owner_id": "774712850731",
                            "revoke_rules_on_delete": "false",
                            "tags.%": "1",
                            "tags.Name": "Upsource-SG",
                            "vpc_id": "vpc-0f6017c1f5650dac1"
                        },
                        "meta": {
                            "e2bfb730-ecaa-11e6-8f88-34363bc7c4c0": {
                                "create": 600000000000,
                                "delete": 600000000000
                            },
                            "schema_version": "1"
                        },
                        "tainted": false
                    },
                    "deposed": [],
                    "provider": "provider.aws"
                },
                "aws_security_group_rule.all_egress": {
                    "type": "aws_security_group_rule",
                    "depends_on": [
                        "aws_security_group.upsource"
                    ],
                    "primary": {
                        "id": "sgrule-2209999299",
                        "attributes": {
                            "cidr_blocks.#": "1",
                            "cidr_blocks.0": "0.0.0.0/0",
                            "description": "",
                            "from_port": "0",
                            "id": "sgrule-2209999299",
                            "ipv6_cidr_blocks.#": "0",
                            "prefix_list_ids.#": "0",
                            "protocol": "-1",
                            "security_group_id": "sg-091e77f2849f90985",
                            "self": "false",
                            "to_port": "0",
                            "type": "egress"
                        },
                        "meta": {
                            "schema_version": "2"
                        },
                        "tainted": false
                    },
                    "deposed": [],
                    "provider": "provider.aws"
                },
                "aws_security_group_rule.app-default": {
                    "type": "aws_security_group_rule",
                    "depends_on": [
                        "aws_security_group.upsource",
                        "data.http.myip"
                    ],
                    "primary": {
                        "id": "sgrule-404052520",
                        "attributes": {
                            "cidr_blocks.#": "1",
                            "cidr_blocks.0": "90.205.105.92/32",
                            "description": "",
                            "from_port": "8080",
                            "id": "sgrule-404052520",
                            "ipv6_cidr_blocks.#": "0",
                            "prefix_list_ids.#": "0",
                            "protocol": "tcp",
                            "security_group_id": "sg-091e77f2849f90985",
                            "self": "false",
                            "to_port": "8080",
                            "type": "ingress"
                        },
                        "meta": {
                            "schema_version": "2"
                        },
                        "tainted": false
                    },
                    "deposed": [],
                    "provider": "provider.aws"
                },
                "aws_security_group_rule.app-secured": {
                    "type": "aws_security_group_rule",
                    "depends_on": [
                        "aws_security_group.upsource",
                        "data.http.myip"
                    ],
                    "primary": {
                        "id": "sgrule-3486282653",
                        "attributes": {
                            "cidr_blocks.#": "1",
                            "cidr_blocks.0": "90.205.105.92/32",
                            "description": "",
                            "from_port": "8443",
                            "id": "sgrule-3486282653",
                            "ipv6_cidr_blocks.#": "0",
                            "prefix_list_ids.#": "0",
                            "protocol": "tcp",
                            "security_group_id": "sg-091e77f2849f90985",
                            "self": "false",
                            "to_port": "8443",
                            "type": "ingress"
                        },
                        "meta": {
                            "schema_version": "2"
                        },
                        "tainted": false
                    },
                    "deposed": [],
                    "provider": "provider.aws"
                },
                "aws_security_group_rule.ssh": {
                    "type": "aws_security_group_rule",
                    "depends_on": [
                        "aws_security_group.upsource",
                        "data.http.myip"
                    ],
                    "primary": {
                        "id": "sgrule-445967904",
                        "attributes": {
                            "cidr_blocks.#": "1",
                            "cidr_blocks.0": "90.205.105.92/32",
                            "description": "",
                            "from_port": "22",
                            "id": "sgrule-445967904",
                            "ipv6_cidr_blocks.#": "0",
                            "prefix_list_ids.#": "0",
                            "protocol": "tcp",
                            "security_group_id": "sg-091e77f2849f90985",
                            "self": "false",
                            "to_port": "22",
                            "type": "ingress"
                        },
                        "meta": {
                            "schema_version": "2"
                        },
                        "tainted": false
                    },
                    "deposed": [],
                    "provider": "provider.aws"
                },
                "data.aws_subnet.subnet_name": {
                    "type": "aws_subnet",
                    "depends_on": [],
                    "primary": {
                        "id": "subnet-0b70744b9ca9a0bf4",
                        "attributes": {
                            "arn": "arn:aws:ec2:ap-south-1:774712850731:subnet/subnet-0b70744b9ca9a0bf4",
                            "assign_ipv6_address_on_creation": "false",
                            "availability_zone": "ap-south-1a",
                            "availability_zone_id": "aps1-az1",
                            "cidr_block": "10.0.1.0/24",
                            "default_for_az": "false",
                            "filter.#": "1",
                            "filter.2322748987.name": "tag:Name",
                            "filter.2322748987.values.#": "1",
                            "filter.2322748987.values.261326937": "rdf-digital-public-1",
                            "id": "subnet-0b70744b9ca9a0bf4",
                            "map_public_ip_on_launch": "true",
                            "owner_id": "774712850731",
                            "state": "available",
                            "tags.%": "1",
                            "tags.Name": "rdf-digital-public-1",
                            "vpc_id": "vpc-0f6017c1f5650dac1"
                        },
                        "meta": {},
                        "tainted": false
                    },
                    "deposed": [],
                    "provider": "provider.aws"
                },
                "data.aws_vpc.vpc_name": {
                    "type": "aws_vpc",
                    "depends_on": [],
                    "primary": {
                        "id": "vpc-0f6017c1f5650dac1",
                        "attributes": {
                            "arn": "arn:aws:ec2:ap-south-1:774712850731:vpc/vpc-0f6017c1f5650dac1",
                            "cidr_block": "10.0.0.0/16",
                            "cidr_block_associations.#": "1",
                            "cidr_block_associations.0.association_id": "vpc-cidr-assoc-0282121889558c515",
                            "cidr_block_associations.0.cidr_block": "10.0.0.0/16",
                            "cidr_block_associations.0.state": "associated",
                            "default": "false",
                            "dhcp_options_id": "dopt-f7eb2d9c",
                            "enable_dns_hostnames": "true",
                            "enable_dns_support": "true",
                            "filter.#": "1",
                            "filter.2280986208.name": "tag:Name",
                            "filter.2280986208.values.#": "1",
                            "filter.2280986208.values.3803839367": "rdf-digital",
                            "id": "vpc-0f6017c1f5650dac1",
                            "instance_tenancy": "default",
                            "main_route_table_id": "rtb-0b0c539ed834cf3fc",
                            "owner_id": "774712850731",
                            "state": "available",
                            "tags.%": "1",
                            "tags.Name": "rdf-digital"
                        },
                        "meta": {},
                        "tainted": false
                    },
                    "deposed": [],
                    "provider": "provider.aws"
                },
                "data.http.myip": {
                    "type": "http",
                    "depends_on": [],
                    "primary": {
                        "id": "2020-07-28 12:16:27.381221 +0000 UTC",
                        "attributes": {
                            "body": "90.205.105.92\n",
                            "id": "2020-07-28 12:16:27.381221 +0000 UTC",
                            "response_headers.%": "8",
                            "response_headers.Access-Control-Allow-Methods": "GET",
                            "response_headers.Access-Control-Allow-Origin": "*",
                            "response_headers.Content-Length": "14",
                            "response_headers.Content-Type": "text/plain; charset=UTF-8",
                            "response_headers.Date": "Tue, 28 Jul 2020 12:16:28 GMT",
                            "response_headers.Server": "nginx",
                            "response_headers.X-Rtfm": "Learn about this site at http://bit.ly/icanhazip-faq and do not abuse the service.",
                            "response_headers.X-Security": "This site DOES NOT distribute malware. Get the facts. https://goo.gl/1FhVpg",
                            "url": "http://ipv4.icanhazip.com"
                        },
                        "meta": {},
                        "tainted": false
                    },
                    "deposed": [],
                    "provider": "provider.http"
                },
                "data.template_file.docker_userdata": {
                    "type": "template_file",
                    "depends_on": [],
                    "primary": {
                        "id": "23163d87585a54e433f6ec65ec942986619cecf231d12186499b0fe75191ebcc",
                        "attributes": {
                            "id": "23163d87585a54e433f6ec65ec942986619cecf231d12186499b0fe75191ebcc",
                            "rendered": "#!/bin/bash\n\necho \"**************************** Update and Install docker utilities **************************\"\napt update\napt install apt-transport-https ca-certificates curl software-properties-common -y\n\ncurl -fsSL https://download.docker.com/linux/ubuntu/gpg | sudo apt-key add -\n\nadd-apt-repository \"deb [arch=amd64] https://download.docker.com/linux/ubuntu bionic stable\"\n\necho \"************************************** Install Docker *************************************\"\napt update\napt install docker-ce -y\n\necho \"********************************** Start Docker Upsource ***********************************\"\n\nmkdir -p ~/upsource/data\nmkdir -p ~/upsource/conf\nmkdir -p ~/upsource/logs\nmkdir -p ~/upsource/backups\nchmod -R 777 ~/upsource\n\ndocker run -itd --name upsource-server-instance  -v ~/upsource/data:/opt/upsource/data -v ~/upsource/conf:/opt/upsource/conf -v ~/upsource/logs:/opt/upsource/logs  -v ~/upsource/backups:/opt/upsource/backups -p 8080:8080 -p 8443:8443 jetbrains/upsource:2019.1.1460\n",
                            "template": "#!/bin/bash\n\necho \"**************************** Update and Install docker utilities **************************\"\napt update\napt install apt-transport-https ca-certificates curl software-properties-common -y\n\ncurl -fsSL https://download.docker.com/linux/ubuntu/gpg | sudo apt-key add -\n\nadd-apt-repository \"deb [arch=amd64] https://download.docker.com/linux/ubuntu bionic stable\"\n\necho \"************************************** Install Docker *************************************\"\napt update\napt install docker-ce -y\n\necho \"********************************** Start Docker Upsource ***********************************\"\n\nmkdir -p ~/upsource/data\nmkdir -p ~/upsource/conf\nmkdir -p ~/upsource/logs\nmkdir -p ~/upsource/backups\nchmod -R 777 ~/upsource\n\ndocker run -itd --name upsource-server-instance  -v ~/upsource/data:/opt/upsource/data -v ~/upsource/conf:/opt/upsource/conf -v ~/upsource/logs:/opt/upsource/logs  -v ~/upsource/backups:/opt/upsource/backups -p 8080:8080 -p 8443:8443 jetbrains/upsource:2019.1.1460\n"
                        },
                        "meta": {},
                        "tainted": false
                    },
                    "deposed": [],
                    "provider": "provider.template"
                }
            },
            "depends_on": []
        }
    ]
}
